hash: 8ead0fa7c00b04f3fdf573d4c1c21fc93aed9b62d4174161b83504c7c3f47e61
updated: 2018-01-22T20:40:10.683979+07:00
imports:
- name: github.com/afex/hystrix-go
  version: f118cd938f786d24f46cc307981d8f63b7951020
  subpackages:
  - hystrix
  - hystrix/metric_collector
  - hystrix/rolling
- name: github.com/alecthomas/log4go
  version: d146e6b86faab5f7e4d135cc63b749d74bf0d4a6
- name: github.com/asaskevich/govalidator
  version: 4b3d68f87f176641ffc147420296013aff66ea32
- name: github.com/Ayvan/iso8583
  version: e43f7de9c07199b72c0f7d1cc49db05fa272afa3
- name: github.com/brainlabs/httpClient
  version: faa193898b336f3f086aa3f450f344de7ff9f48c
- name: github.com/confluentinc/confluent-kafka-go
  version: 467fbeaba03c316f7799e3ae3ae25a91fafa9946
  subpackages:
  - kafka
- name: github.com/fsnotify/fsnotify
  version: c2828203cd70a50dcccfb2761f8b1f8ceef9a8e9
- name: github.com/go-redis/redis
  version: 4021ace05686f632ff17fd824bbed229fc474cf8
  subpackages:
  - internal
  - internal/consistenthash
  - internal/hashtag
  - internal/pool
  - internal/proto
- name: github.com/gorilla/mux
  version: c0091a029979286890368b4c7b301261e448e242
- name: github.com/hashicorp/hcl
  version: 23c074d0eceb2b8a5bfdbb271ab780cde70f05a8
  subpackages:
  - hcl/ast
  - hcl/parser
  - hcl/printer
  - hcl/scanner
  - hcl/strconv
  - hcl/token
  - json/parser
  - json/scanner
  - json/token
- name: github.com/inconshreveable/mousetrap
  version: 76626ae9c91c4f2a10f34cad8ce83ea42c93bb75
- name: github.com/magiconair/properties
  version: 49d762b9817ba1c2e9d0c69183c2b4a8b8f1d934
- name: github.com/mitchellh/mapstructure
  version: b4575eea38cca1123ec2dc90c26529b5c5acfcff
- name: github.com/pelletier/go-toml
  version: acdc4509485b587f5e675510c4f2c63e90ff68a8
- name: github.com/sirupsen/logrus
  version: d682213848ed68c0a260ca37d6dd5ace8423f5ba
- name: github.com/smartystreets/goconvey
  version: e5b2b7c9111590d019a696c7800593f666e1a7f4
  subpackages:
  - convey
  - convey/gotest
  - convey/reporting
- name: github.com/spf13/afero
  version: bb8f1927f2a9d3ab41c9340aa034f6b803f4359c
  subpackages:
  - mem
- name: github.com/spf13/cast
  version: acbeb36b902d72a7a4c18e8f3241075e7ab763e4
- name: github.com/spf13/cobra
  version: 7b2c5ac9fc04fc5efafb60700713d4fa609b777b
  subpackages:
  - cobra
- name: github.com/spf13/jwalterweatherman
  version: 7c0cea34c8ece3fbeb2b27ab9b59511d360fb394
- name: github.com/spf13/pflag
  version: 4c012f6dcd9546820e378d0bdda4d8fc772cdfea
- name: github.com/spf13/viper
  version: aafc9e6bc7b7bb53ddaa75a5ef49a17d6e654be5
- name: github.com/stretchr/testify
  version: 87b1dfb5b2fa649f52695dd9eae19abe404a4308
  subpackages:
  - assert
- name: github.com/urfave/cli
  version: 75104e932ac2ddb944a6ea19d9f9f26316ff1145
- name: github.com/urfave/negroni
  version: ff85fb036d90eda8518001242fcded1024e05c98
- name: github.com/vektra/mockery
  version: b6f6c13c25c3f0a17724553fa01580f328158d7a
- name: golang.org/x/crypto
  version: 39efaea5da11abd5e2b90a435b1f338cdb94619c
  subpackages:
  - ssh/terminal
- name: golang.org/x/sys
  version: af50095a40f9041b3b38960738837185c26e9419
  repo: https://github.com/golang/sys.git
  subpackages:
  - unix
  - windows
- name: golang.org/x/text
  version: e19ae1496984b1c655b8044a65c0300a3c878dd3
  repo: https://github.com/golang/text.git
  subpackages:
  - transform
  - unicode/norm
- name: gopkg.in/yaml.v2
  version: d670f9405373e636a5a2765eea47fac0c9bc91a4
  repo: https://github.com/go-yaml/yaml.git
testImports:
- name: github.com/davecgh/go-spew
  version: ecdeabc65495df2dec95d7c4a4c3e021903035e5
  subpackages:
  - spew
- name: github.com/gopherjs/gopherjs
  version: 178c176a91fe05e3e6c58fa5c989bad19e6cdcb3
  subpackages:
  - js
- name: github.com/jtolds/gls
  version: 77f18212c9c7edc9bd6a33d383a7b545ce62f064
- name: github.com/pmezard/go-difflib
  version: 792786c7400a136282c1664665ae0a8db921c6c2
  subpackages:
  - difflib
- name: github.com/smartystreets/assertions
  version: 0b37b35ec7434b77e77a4bb29b79677cced992ea
  subpackages:
  - internal/go-render/render
  - internal/oglematchers
